
Microsoft Visual Studio Solution File, Format Version 12.00
# Visual Studio Version 17
VisualStudioVersion = 17.5.002.0
MinimumVisualStudioVersion = 10.0.40219.1
Project("{2150E333-8FDC-42A3-9474-1A3956D46DE8}") = "prepare", "prepare", "{C9B445CB-FAED-4367-81E5-B08572ACB90A}"
EndProject
Project("{9A19103F-16F7-4668-BE54-9A1E7A4F7556}") = "Learning02", "prepare\Learning02\Learning02.csproj", "{F59AC130-B4CA-4392-A497-1D5E127D1543}"
EndProject
Project("{9A19103F-16F7-4668-BE54-9A1E7A4F7556}") = "Learning05", "prepare\Learning05\Learning05.csproj", "{D18D627A-15C2-4206-A980-E34EDE913AC7}"
EndProject
Project("{9A19103F-16F7-4668-BE54-9A1E7A4F7556}") = "Learning04", "prepare\Learning04\Learning04.csproj", "{E0032853-1156-469C-8C09-169092E8543C}"
EndProject
Project("{9A19103F-16F7-4668-BE54-9A1E7A4F7556}") = "Learning03", "prepare\Learning03\Learning03.csproj", "{1F4BC9A5-6546-4CAA-BD83-A2B8D856E24F}"
EndProject
Project("{2150E333-8FDC-42A3-9474-1A3956D46DE8}") = "prove", "prove", "{CC71FCB7-1418-4A31-94B3-A4451FA7F0DE}"
EndProject
Project("{9A19103F-16F7-4668-BE54-9A1E7A4F7556}") = "Develop03", "prove\Develop03\Develop03.csproj", "{C195491F-EEEE-4363-8B71-F6E45842A6BA}"
EndProject
Project("{9A19103F-16F7-4668-BE54-9A1E7A4F7556}") = "Develop04", "prove\Develop04\Develop04.csproj", "{8FB6CEB5-FAE6-4A7A-8692-700A92FBB66F}"
EndProject
Project("{9A19103F-16F7-4668-BE54-9A1E7A4F7556}") = "Develop05", "prove\Develop05\Develop05.csproj", "{0E685010-B986-424C-B30C-83AE89B2254A}"
EndProject
Project("{9A19103F-16F7-4668-BE54-9A1E7A4F7556}") = "Develop02", "prove\Develop02\Develop02.csproj", "{BF630C6B-4A0F-43F8-AD98-90D8C2EDC0CE}"
EndProject
Project("{2150E333-8FDC-42A3-9474-1A3956D46DE8}") = "sandbox", "sandbox", "{58BA86E9-4A05-4B1B-800E-27AB545C84E3}"
EndProject
Project("{9A19103F-16F7-4668-BE54-9A1E7A4F7556}") = "Sandbox", "sandbox\Sandbox\Sandbox.csproj", "{2973335A-15B7-48F9-9824-43479E078F95}"
EndProject
Project("{2150E333-8FDC-42A3-9474-1A3956D46DE8}") = "final", "final", "{0FE57CE8-359C-46D9-B0FE-76448328CF83}"
EndProject
Project("{9A19103F-16F7-4668-BE54-9A1E7A4F7556}") = "FinalProject", "final\FinalProject\FinalProject.csproj", "{21E94433-31B3-47E5-BE66-5FA0E8C08939}"
EndProject
Project("{9A19103F-16F7-4668-BE54-9A1E7A4F7556}") = "Foundation1", "final\Foundation1\Foundation1.csproj", "{FF6446DF-C96C-4F91-9E9F-F3328AB98D10}"
EndProject
Project("{9A19103F-16F7-4668-BE54-9A1E7A4F7556}") = "Foundation4", "final\Foundation4\Foundation4.csproj", "{5D2426E2-E83F-4AD4-9D3E-BD0EA56E00C2}"
EndProject
Project("{9A19103F-16F7-4668-BE54-9A1E7A4F7556}") = "Foundation3", "final\Foundation3\Foundation3.csproj", "{EDBF1F6D-74CD-4824-8B61-01DCCD25820F}"
EndProject
Project("{9A19103F-16F7-4668-BE54-9A1E7A4F7556}") = "Foundation2", "final\Foundation2\Foundation2.csproj", "{D9D3945F-CA4D-4B39-9814-B0C1DA9360E1}"
EndProject
Project("{2150E333-8FDC-42A3-9474-1A3956D46DE8}") = "csharp-prep", "csharp-prep", "{D99DE6EA-21BC-40BC-A899-E1D854BCCD5A}"
EndProject
Project("{9A19103F-16F7-4668-BE54-9A1E7A4F7556}") = "Prep1", "csharp-prep\Prep1\Prep1.csproj", "{73517E0C-F7C6-41AB-B37C-38CD97F34C03}"
EndProject
Project("{9A19103F-16F7-4668-BE54-9A1E7A4F7556}") = "Prep5", "csharp-prep\Prep5\Prep5.csproj", "{D36873CA-5B5E-4033-9FC7-34BBF929A715}"
EndProject
Project("{9A19103F-16F7-4668-BE54-9A1E7A4F7556}") = "Prep2", "csharp-prep\Prep2\Prep2.csproj", "{09AA0480-6C00-4AB7-88B4-D0F233722455}"
EndProject
Project("{9A19103F-16F7-4668-BE54-9A1E7A4F7556}") = "Prep3", "csharp-prep\Prep3\Prep3.csproj", "{2D5B4746-CCAA-4A4B-B08C-7DD00641FC65}"
EndProject
Project("{9A19103F-16F7-4668-BE54-9A1E7A4F7556}") = "Prep4", "csharp-prep\Prep4\Prep4.csproj", "{5C72F6BF-808E-4D2E-8320-6E3EEA357459}"
EndProject
Global
	GlobalSection(SolutionConfigurationPlatforms) = preSolution
		Debug|Any CPU = Debug|Any CPU
		Release|Any CPU = Release|Any CPU
	EndGlobalSection
	GlobalSection(ProjectConfigurationPlatforms) = postSolution
		{F59AC130-B4CA-4392-A497-1D5E127D1543}.Debug|Any CPU.ActiveCfg = Debug|Any CPU
		{F59AC130-B4CA-4392-A497-1D5E127D1543}.Debug|Any CPU.Build.0 = Debug|Any CPU
		{F59AC130-B4CA-4392-A497-1D5E127D1543}.Release|Any CPU.ActiveCfg = Release|Any CPU
		{F59AC130-B4CA-4392-A497-1D5E127D1543}.Release|Any CPU.Build.0 = Release|Any CPU
		{D18D627A-15C2-4206-A980-E34EDE913AC7}.Debug|Any CPU.ActiveCfg = Debug|Any CPU
		{D18D627A-15C2-4206-A980-E34EDE913AC7}.Debug|Any CPU.Build.0 = Debug|Any CPU
		{D18D627A-15C2-4206-A980-E34EDE913AC7}.Release|Any CPU.ActiveCfg = Release|Any CPU
		{D18D627A-15C2-4206-A980-E34EDE913AC7}.Release|Any CPU.Build.0 = Release|Any CPU
		{E0032853-1156-469C-8C09-169092E8543C}.Debug|Any CPU.ActiveCfg = Debug|Any CPU
		{E0032853-1156-469C-8C09-169092E8543C}.Debug|Any CPU.Build.0 = Debug|Any CPU
		{E0032853-1156-469C-8C09-169092E8543C}.Release|Any CPU.ActiveCfg = Release|Any CPU
		{E0032853-1156-469C-8C09-169092E8543C}.Release|Any CPU.Build.0 = Release|Any CPU
		{1F4BC9A5-6546-4CAA-BD83-A2B8D856E24F}.Debug|Any CPU.ActiveCfg = Debug|Any CPU
		{1F4BC9A5-6546-4CAA-BD83-A2B8D856E24F}.Debug|Any CPU.Build.0 = Debug|Any CPU
		{1F4BC9A5-6546-4CAA-BD83-A2B8D856E24F}.Release|Any CPU.ActiveCfg = Release|Any CPU
		{1F4BC9A5-6546-4CAA-BD83-A2B8D856E24F}.Release|Any CPU.Build.0 = Release|Any CPU
		{C195491F-EEEE-4363-8B71-F6E45842A6BA}.Debug|Any CPU.ActiveCfg = Debug|Any CPU
		{C195491F-EEEE-4363-8B71-F6E45842A6BA}.Debug|Any CPU.Build.0 = Debug|Any CPU
		{C195491F-EEEE-4363-8B71-F6E45842A6BA}.Release|Any CPU.ActiveCfg = Release|Any CPU
		{C195491F-EEEE-4363-8B71-F6E45842A6BA}.Release|Any CPU.Build.0 = Release|Any CPU
		{8FB6CEB5-FAE6-4A7A-8692-700A92FBB66F}.Debug|Any CPU.ActiveCfg = Debug|Any CPU
		{8FB6CEB5-FAE6-4A7A-8692-700A92FBB66F}.Debug|Any CPU.Build.0 = Debug|Any CPU
		{8FB6CEB5-FAE6-4A7A-8692-700A92FBB66F}.Release|Any CPU.ActiveCfg = Release|Any CPU
		{8FB6CEB5-FAE6-4A7A-8692-700A92FBB66F}.Release|Any CPU.Build.0 = Release|Any CPU
		{0E685010-B986-424C-B30C-83AE89B2254A}.Debug|Any CPU.ActiveCfg = Debug|Any CPU
		{0E685010-B986-424C-B30C-83AE89B2254A}.Debug|Any CPU.Build.0 = Debug|Any CPU
		{0E685010-B986-424C-B30C-83AE89B2254A}.Release|Any CPU.ActiveCfg = Release|Any CPU
		{0E685010-B986-424C-B30C-83AE89B2254A}.Release|Any CPU.Build.0 = Release|Any CPU
		{BF630C6B-4A0F-43F8-AD98-90D8C2EDC0CE}.Debug|Any CPU.ActiveCfg = Debug|Any CPU
		{BF630C6B-4A0F-43F8-AD98-90D8C2EDC0CE}.Debug|Any CPU.Build.0 = Debug|Any CPU
		{BF630C6B-4A0F-43F8-AD98-90D8C2EDC0CE}.Release|Any CPU.ActiveCfg = Release|Any CPU
		{BF630C6B-4A0F-43F8-AD98-90D8C2EDC0CE}.Release|Any CPU.Build.0 = Release|Any CPU
		{2973335A-15B7-48F9-9824-43479E078F95}.Debug|Any CPU.ActiveCfg = Debug|Any CPU
		{2973335A-15B7-48F9-9824-43479E078F95}.Debug|Any CPU.Build.0 = Debug|Any CPU
		{2973335A-15B7-48F9-9824-43479E078F95}.Release|Any CPU.ActiveCfg = Release|Any CPU
		{2973335A-15B7-48F9-9824-43479E078F95}.Release|Any CPU.Build.0 = Release|Any CPU
		{21E94433-31B3-47E5-BE66-5FA0E8C08939}.Debug|Any CPU.ActiveCfg = Debug|Any CPU
		{21E94433-31B3-47E5-BE66-5FA0E8C08939}.Debug|Any CPU.Build.0 = Debug|Any CPU
		{21E94433-31B3-47E5-BE66-5FA0E8C08939}.Release|Any CPU.ActiveCfg = Release|Any CPU
		{21E94433-31B3-47E5-BE66-5FA0E8C08939}.Release|Any CPU.Build.0 = Release|Any CPU
		{FF6446DF-C96C-4F91-9E9F-F3328AB98D10}.Debug|Any CPU.ActiveCfg = Debug|Any CPU
		{FF6446DF-C96C-4F91-9E9F-F3328AB98D10}.Debug|Any CPU.Build.0 = Debug|Any CPU
		{FF6446DF-C96C-4F91-9E9F-F3328AB98D10}.Release|Any CPU.ActiveCfg = Release|Any CPU
		{FF6446DF-C96C-4F91-9E9F-F3328AB98D10}.Release|Any CPU.Build.0 = Release|Any CPU
		{5D2426E2-E83F-4AD4-9D3E-BD0EA56E00C2}.Debug|Any CPU.ActiveCfg = Debug|Any CPU
		{5D2426E2-E83F-4AD4-9D3E-BD0EA56E00C2}.Debug|Any CPU.Build.0 = Debug|Any CPU
		{5D2426E2-E83F-4AD4-9D3E-BD0EA56E00C2}.Release|Any CPU.ActiveCfg = Release|Any CPU
		{5D2426E2-E83F-4AD4-9D3E-BD0EA56E00C2}.Release|Any CPU.Build.0 = Release|Any CPU
		{EDBF1F6D-74CD-4824-8B61-01DCCD25820F}.Debug|Any CPU.ActiveCfg = Debug|Any CPU
		{EDBF1F6D-74CD-4824-8B61-01DCCD25820F}.Debug|Any CPU.Build.0 = Debug|Any CPU
		{EDBF1F6D-74CD-4824-8B61-01DCCD25820F}.Release|Any CPU.ActiveCfg = Release|Any CPU
		{EDBF1F6D-74CD-4824-8B61-01DCCD25820F}.Release|Any CPU.Build.0 = Release|Any CPU
		{D9D3945F-CA4D-4B39-9814-B0C1DA9360E1}.Debug|Any CPU.ActiveCfg = Debug|Any CPU
		{D9D3945F-CA4D-4B39-9814-B0C1DA9360E1}.Debug|Any CPU.Build.0 = Debug|Any CPU
		{D9D3945F-CA4D-4B39-9814-B0C1DA9360E1}.Release|Any CPU.ActiveCfg = Release|Any CPU
		{D9D3945F-CA4D-4B39-9814-B0C1DA9360E1}.Release|Any CPU.Build.0 = Release|Any CPU
		{73517E0C-F7C6-41AB-B37C-38CD97F34C03}.Debug|Any CPU.ActiveCfg = Debug|Any CPU
		{73517E0C-F7C6-41AB-B37C-38CD97F34C03}.Debug|Any CPU.Build.0 = Debug|Any CPU
		{73517E0C-F7C6-41AB-B37C-38CD97F34C03}.Release|Any CPU.ActiveCfg = Release|Any CPU
		{73517E0C-F7C6-41AB-B37C-38CD97F34C03}.Release|Any CPU.Build.0 = Release|Any CPU
		{D36873CA-5B5E-4033-9FC7-34BBF929A715}.Debug|Any CPU.ActiveCfg = Debug|Any CPU
		{D36873CA-5B5E-4033-9FC7-34BBF929A715}.Debug|Any CPU.Build.0 = Debug|Any CPU
		{D36873CA-5B5E-4033-9FC7-34BBF929A715}.Release|Any CPU.ActiveCfg = Release|Any CPU
		{D36873CA-5B5E-4033-9FC7-34BBF929A715}.Release|Any CPU.Build.0 = Release|Any CPU
		{09AA0480-6C00-4AB7-88B4-D0F233722455}.Debug|Any CPU.ActiveCfg = Debug|Any CPU
		{09AA0480-6C00-4AB7-88B4-D0F233722455}.Debug|Any CPU.Build.0 = Debug|Any CPU
		{09AA0480-6C00-4AB7-88B4-D0F233722455}.Release|Any CPU.ActiveCfg = Release|Any CPU
		{09AA0480-6C00-4AB7-88B4-D0F233722455}.Release|Any CPU.Build.0 = Release|Any CPU
		{2D5B4746-CCAA-4A4B-B08C-7DD00641FC65}.Debug|Any CPU.ActiveCfg = Debug|Any CPU
		{2D5B4746-CCAA-4A4B-B08C-7DD00641FC65}.Debug|Any CPU.Build.0 = Debug|Any CPU
		{2D5B4746-CCAA-4A4B-B08C-7DD00641FC65}.Release|Any CPU.ActiveCfg = Release|Any CPU
		{2D5B4746-CCAA-4A4B-B08C-7DD00641FC65}.Release|Any CPU.Build.0 = Release|Any CPU
		{5C72F6BF-808E-4D2E-8320-6E3EEA357459}.Debug|Any CPU.ActiveCfg = Debug|Any CPU
		{5C72F6BF-808E-4D2E-8320-6E3EEA357459}.Debug|Any CPU.Build.0 = Debug|Any CPU
		{5C72F6BF-808E-4D2E-8320-6E3EEA357459}.Release|Any CPU.ActiveCfg = Release|Any CPU
		{5C72F6BF-808E-4D2E-8320-6E3EEA357459}.Release|Any CPU.Build.0 = Release|Any CPU
	EndGlobalSection
	GlobalSection(SolutionProperties) = preSolution
		HideSolutionNode = FALSE
	EndGlobalSection
	GlobalSection(NestedProjects) = preSolution
		{F59AC130-B4CA-4392-A497-1D5E127D1543} = {C9B445CB-FAED-4367-81E5-B08572ACB90A}
		{D18D627A-15C2-4206-A980-E34EDE913AC7} = {C9B445CB-FAED-4367-81E5-B08572ACB90A}
		{E0032853-1156-469C-8C09-169092E8543C} = {C9B445CB-FAED-4367-81E5-B08572ACB90A}
		{1F4BC9A5-6546-4CAA-BD83-A2B8D856E24F} = {C9B445CB-FAED-4367-81E5-B08572ACB90A}
		{C195491F-EEEE-4363-8B71-F6E45842A6BA} = {CC71FCB7-1418-4A31-94B3-A4451FA7F0DE}
		{8FB6CEB5-FAE6-4A7A-8692-700A92FBB66F} = {CC71FCB7-1418-4A31-94B3-A4451FA7F0DE}
		{0E685010-B986-424C-B30C-83AE89B2254A} = {CC71FCB7-1418-4A31-94B3-A4451FA7F0DE}
		{BF630C6B-4A0F-43F8-AD98-90D8C2EDC0CE} = {CC71FCB7-1418-4A31-94B3-A4451FA7F0DE}
		{2973335A-15B7-48F9-9824-43479E078F95} = {58BA86E9-4A05-4B1B-800E-27AB545C84E3}
		{21E94433-31B3-47E5-BE66-5FA0E8C08939} = {0FE57CE8-359C-46D9-B0FE-76448328CF83}
		{FF6446DF-C96C-4F91-9E9F-F3328AB98D10} = {0FE57CE8-359C-46D9-B0FE-76448328CF83}
		{5D2426E2-E83F-4AD4-9D3E-BD0EA56E00C2} = {0FE57CE8-359C-46D9-B0FE-76448328CF83}
		{EDBF1F6D-74CD-4824-8B61-01DCCD25820F} = {0FE57CE8-359C-46D9-B0FE-76448328CF83}
		{D9D3945F-CA4D-4B39-9814-B0C1DA9360E1} = {0FE57CE8-359C-46D9-B0FE-76448328CF83}
		{73517E0C-F7C6-41AB-B37C-38CD97F34C03} = {D99DE6EA-21BC-40BC-A899-E1D854BCCD5A}
		{D36873CA-5B5E-4033-9FC7-34BBF929A715} = {D99DE6EA-21BC-40BC-A899-E1D854BCCD5A}
		{09AA0480-6C00-4AB7-88B4-D0F233722455} = {D99DE6EA-21BC-40BC-A899-E1D854BCCD5A}
		{2D5B4746-CCAA-4A4B-B08C-7DD00641FC65} = {D99DE6EA-21BC-40BC-A899-E1D854BCCD5A}
		{5C72F6BF-808E-4D2E-8320-6E3EEA357459} = {D99DE6EA-21BC-40BC-A899-E1D854BCCD5A}
	EndGlobalSection
	GlobalSection(ExtensibilityGlobals) = postSolution
		SolutionGuid = {AC29B620-4032-4CA1-8E40-41FD1CD23232}
	EndGlobalSection
EndGlobal
